// !$*UTF8*$!
{
	archiveVersion = 1;
	classes = {
	};
	objectVersion = 77;
	objects = {

/* Begin PBXBuildFile section */
		6821CEE89971EBA4671B3EC0 /* Pods_BarScannerGITTests.framework in Frameworks */ = {isa = PBXBuildFile; fileRef = 7BEF5D2EB0B38D3DAE9068DC /* Pods_BarScannerGITTests.framework */; };
		B4508583C3AE1B03B6EF9F3C /* Pods_BarScannerGIT.framework in Frameworks */ = {isa = PBXBuildFile; fileRef = 0560440DE2170FA5D90F3676 /* Pods_BarScannerGIT.framework */; };
		E24ACA38AD25A1334932B0CC /* Pods_BarScannerGIT_BarScannerGITUITests.framework in Frameworks */ = {isa = PBXBuildFile; fileRef = D8A52D87F8F847ABAF1F8A4B /* Pods_BarScannerGIT_BarScannerGITUITests.framework */; };
/* End PBXBuildFile section */

/* Begin PBXContainerItemProxy section */
		0C849F9E2D1BF3A0009CF9F6 /* PBXContainerItemProxy */ = {
			isa = PBXContainerItemProxy;
			containerPortal = 0C849F852D1BF39F009CF9F6 /* Project object */;
			proxyType = 1;
			remoteGlobalIDString = 0C849F8C2D1BF39F009CF9F6;
			remoteInfo = BarScannerGIT;
		};
		0C849FA82D1BF3A0009CF9F6 /* PBXContainerItemProxy */ = {
			isa = PBXContainerItemProxy;
			containerPortal = 0C849F852D1BF39F009CF9F6 /* Project object */;
			proxyType = 1;
			remoteGlobalIDString = 0C849F8C2D1BF39F009CF9F6;
			remoteInfo = BarScannerGIT;
		};
/* End PBXContainerItemProxy section */

/* Begin PBXFileReference section */
		037BB0BDBD272DC8BC6F5BFD /* Pods-BarScannerGITTests.release.xcconfig */ = {isa = PBXFileReference; includeInIndex = 1; lastKnownFileType = text.xcconfig; name = "Pods-BarScannerGITTests.release.xcconfig"; path = "Target Support Files/Pods-BarScannerGITTests/Pods-BarScannerGITTests.release.xcconfig"; sourceTree = "<group>"; };
		0560440DE2170FA5D90F3676 /* Pods_BarScannerGIT.framework */ = {isa = PBXFileReference; explicitFileType = wrapper.framework; includeInIndex = 0; path = Pods_BarScannerGIT.framework; sourceTree = BUILT_PRODUCTS_DIR; };
		0C849F8D2D1BF39F009CF9F6 /* Thumbsy.app */ = {isa = PBXFileReference; explicitFileType = wrapper.application; includeInIndex = 0; path = Thumbsy.app; sourceTree = BUILT_PRODUCTS_DIR; };
		0C849F9D2D1BF3A0009CF9F6 /* BarScannerGITTests.xctest */ = {isa = PBXFileReference; explicitFileType = wrapper.cfbundle; includeInIndex = 0; path = BarScannerGITTests.xctest; sourceTree = BUILT_PRODUCTS_DIR; };
		0C849FA72D1BF3A0009CF9F6 /* BarScannerGITUITests.xctest */ = {isa = PBXFileReference; explicitFileType = wrapper.cfbundle; includeInIndex = 0; path = BarScannerGITUITests.xctest; sourceTree = BUILT_PRODUCTS_DIR; };
		4893C660BA1CE636DF28D591 /* Pods-BarScannerGIT-BarScannerGITUITests.release.xcconfig */ = {isa = PBXFileReference; includeInIndex = 1; lastKnownFileType = text.xcconfig; name = "Pods-BarScannerGIT-BarScannerGITUITests.release.xcconfig"; path = "Target Support Files/Pods-BarScannerGIT-BarScannerGITUITests/Pods-BarScannerGIT-BarScannerGITUITests.release.xcconfig"; sourceTree = "<group>"; };
		550183E8C4BBE72E793C3046 /* Pods-BarScannerGIT.debug.xcconfig */ = {isa = PBXFileReference; includeInIndex = 1; lastKnownFileType = text.xcconfig; name = "Pods-BarScannerGIT.debug.xcconfig"; path = "Target Support Files/Pods-BarScannerGIT/Pods-BarScannerGIT.debug.xcconfig"; sourceTree = "<group>"; };
		5AA71EF57049E924DC1AE0A6 /* Pods-BarScannerGIT.release.xcconfig */ = {isa = PBXFileReference; includeInIndex = 1; lastKnownFileType = text.xcconfig; name = "Pods-BarScannerGIT.release.xcconfig"; path = "Target Support Files/Pods-BarScannerGIT/Pods-BarScannerGIT.release.xcconfig"; sourceTree = "<group>"; };
		5B552557AC668990BDB9D141 /* Pods-BarScannerGIT-BarScannerGITUITests.debug.xcconfig */ = {isa = PBXFileReference; includeInIndex = 1; lastKnownFileType = text.xcconfig; name = "Pods-BarScannerGIT-BarScannerGITUITests.debug.xcconfig"; path = "Target Support Files/Pods-BarScannerGIT-BarScannerGITUITests/Pods-BarScannerGIT-BarScannerGITUITests.debug.xcconfig"; sourceTree = "<group>"; };
		7BEF5D2EB0B38D3DAE9068DC /* Pods_BarScannerGITTests.framework */ = {isa = PBXFileReference; explicitFileType = wrapper.framework; includeInIndex = 0; path = Pods_BarScannerGITTests.framework; sourceTree = BUILT_PRODUCTS_DIR; };
		8BC1EAF7F249BE467CD63C81 /* Pods-BarScannerGITTests.debug.xcconfig */ = {isa = PBXFileReference; includeInIndex = 1; lastKnownFileType = text.xcconfig; name = "Pods-BarScannerGITTests.debug.xcconfig"; path = "Target Support Files/Pods-BarScannerGITTests/Pods-BarScannerGITTests.debug.xcconfig"; sourceTree = "<group>"; };
		D8A52D87F8F847ABAF1F8A4B /* Pods_BarScannerGIT_BarScannerGITUITests.framework */ = {isa = PBXFileReference; explicitFileType = wrapper.framework; includeInIndex = 0; path = Pods_BarScannerGIT_BarScannerGITUITests.framework; sourceTree = BUILT_PRODUCTS_DIR; };
/* End PBXFileReference section */

/* Begin PBXFileSystemSynchronizedRootGroup section */
		0C849F8F2D1BF39F009CF9F6 /* BarScannerGIT */ = {
			isa = PBXFileSystemSynchronizedRootGroup;
			path = BarScannerGIT;
			sourceTree = "<group>";
		};
		0C849FA02D1BF3A0009CF9F6 /* BarScannerGITTests */ = {
			isa = PBXFileSystemSynchronizedRootGroup;
			path = BarScannerGITTests;
			sourceTree = "<group>";
		};
		0C849FAA2D1BF3A0009CF9F6 /* BarScannerGITUITests */ = {
			isa = PBXFileSystemSynchronizedRootGroup;
			path = BarScannerGITUITests;
			sourceTree = "<group>";
		};
/* End PBXFileSystemSynchronizedRootGroup section */

/* Begin PBXFrameworksBuildPhase section */
		0C849F8A2D1BF39F009CF9F6 /* Frameworks */ = {
			isa = PBXFrameworksBuildPhase;
			buildActionMask = 2147483647;
			files = (
				B4508583C3AE1B03B6EF9F3C /* Pods_BarScannerGIT.framework in Frameworks */,
			);
			runOnlyForDeploymentPostprocessing = 0;
		};
		0C849F9A2D1BF3A0009CF9F6 /* Frameworks */ = {
			isa = PBXFrameworksBuildPhase;
			buildActionMask = 2147483647;
			files = (
				6821CEE89971EBA4671B3EC0 /* Pods_BarScannerGITTests.framework in Frameworks */,
			);
			runOnlyForDeploymentPostprocessing = 0;
		};
		0C849FA42D1BF3A0009CF9F6 /* Frameworks */ = {
			isa = PBXFrameworksBuildPhase;
			buildActionMask = 2147483647;
			files = (
				E24ACA38AD25A1334932B0CC /* Pods_BarScannerGIT_BarScannerGITUITests.framework in Frameworks */,
			);
			runOnlyForDeploymentPostprocessing = 0;
		};
/* End PBXFrameworksBuildPhase section */

/* Begin PBXGroup section */
		0C849F842D1BF39F009CF9F6 = {
			isa = PBXGroup;
			children = (
				0C849F8F2D1BF39F009CF9F6 /* BarScannerGIT */,
				0C849FA02D1BF3A0009CF9F6 /* BarScannerGITTests */,
				0C849FAA2D1BF3A0009CF9F6 /* BarScannerGITUITests */,
				0C849F8E2D1BF39F009CF9F6 /* Products */,
				B0C0CFC970B85212509DB9A1 /* Pods */,
				CF8A84DF091A2CD5B9EF377A /* Frameworks */,
			);
			sourceTree = "<group>";
		};
		0C849F8E2D1BF39F009CF9F6 /* Products */ = {
			isa = PBXGroup;
			children = (
				0C849F8D2D1BF39F009CF9F6 /* Thumbsy.app */,
				0C849F9D2D1BF3A0009CF9F6 /* BarScannerGITTests.xctest */,
				0C849FA72D1BF3A0009CF9F6 /* BarScannerGITUITests.xctest */,
			);
			name = Products;
			sourceTree = "<group>";
		};
		B0C0CFC970B85212509DB9A1 /* Pods */ = {
			isa = PBXGroup;
			children = (
				550183E8C4BBE72E793C3046 /* Pods-BarScannerGIT.debug.xcconfig */,
				5AA71EF57049E924DC1AE0A6 /* Pods-BarScannerGIT.release.xcconfig */,
				5B552557AC668990BDB9D141 /* Pods-BarScannerGIT-BarScannerGITUITests.debug.xcconfig */,
				4893C660BA1CE636DF28D591 /* Pods-BarScannerGIT-BarScannerGITUITests.release.xcconfig */,
				8BC1EAF7F249BE467CD63C81 /* Pods-BarScannerGITTests.debug.xcconfig */,
				037BB0BDBD272DC8BC6F5BFD /* Pods-BarScannerGITTests.release.xcconfig */,
			);
			path = Pods;
			sourceTree = "<group>";
		};
		CF8A84DF091A2CD5B9EF377A /* Frameworks */ = {
			isa = PBXGroup;
			children = (
				0560440DE2170FA5D90F3676 /* Pods_BarScannerGIT.framework */,
				D8A52D87F8F847ABAF1F8A4B /* Pods_BarScannerGIT_BarScannerGITUITests.framework */,
				7BEF5D2EB0B38D3DAE9068DC /* Pods_BarScannerGITTests.framework */,
			);
			name = Frameworks;
			sourceTree = "<group>";
		};
/* End PBXGroup section */

/* Begin PBXNativeTarget section */
		0C849F8C2D1BF39F009CF9F6 /* BarScannerGIT */ = {
			isa = PBXNativeTarget;
			buildConfigurationList = 0C849FB12D1BF3A0009CF9F6 /* Build configuration list for PBXNativeTarget "BarScannerGIT" */;
			buildPhases = (
				4C1555581F2E76C7C7D3F23F /* [CP] Check Pods Manifest.lock */,
				0C849F892D1BF39F009CF9F6 /* Sources */,
				0C849F8A2D1BF39F009CF9F6 /* Frameworks */,
				0C849F8B2D1BF39F009CF9F6 /* Resources */,
			);
			buildRules = (
			);
			dependencies = (
			);
			fileSystemSynchronizedGroups = (
				0C849F8F2D1BF39F009CF9F6 /* BarScannerGIT */,
			);
			name = BarScannerGIT;
			productName = BarScannerGIT;
			productReference = 0C849F8D2D1BF39F009CF9F6 /* Thumbsy.app */;
			productType = "com.apple.product-type.application";
		};
		0C849F9C2D1BF3A0009CF9F6 /* BarScannerGITTests */ = {
			isa = PBXNativeTarget;
			buildConfigurationList = 0C849FB42D1BF3A0009CF9F6 /* Build configuration list for PBXNativeTarget "BarScannerGITTests" */;
			buildPhases = (
				D100F7A517CDA765AD3F98EF /* [CP] Check Pods Manifest.lock */,
				0C849F992D1BF3A0009CF9F6 /* Sources */,
				0C849F9A2D1BF3A0009CF9F6 /* Frameworks */,
				0C849F9B2D1BF3A0009CF9F6 /* Resources */,
			);
			buildRules = (
			);
			dependencies = (
				0C849F9F2D1BF3A0009CF9F6 /* PBXTargetDependency */,
			);
			fileSystemSynchronizedGroups = (
				0C849FA02D1BF3A0009CF9F6 /* BarScannerGITTests */,
			);
			name = BarScannerGITTests;
			productName = BarScannerGITTests;
			productReference = 0C849F9D2D1BF3A0009CF9F6 /* BarScannerGITTests.xctest */;
			productType = "com.apple.product-type.bundle.unit-test";
		};
		0C849FA62D1BF3A0009CF9F6 /* BarScannerGITUITests */ = {
			isa = PBXNativeTarget;
			buildConfigurationList = 0C849FB72D1BF3A0009CF9F6 /* Build configuration list for PBXNativeTarget "BarScannerGITUITests" */;
			buildPhases = (
				77EDC1DC2233C408CCCD1DE4 /* [CP] Check Pods Manifest.lock */,
				0C849FA32D1BF3A0009CF9F6 /* Sources */,
				0C849FA42D1BF3A0009CF9F6 /* Frameworks */,
				0C849FA52D1BF3A0009CF9F6 /* Resources */,
			);
			buildRules = (
			);
			dependencies = (
				0C849FA92D1BF3A0009CF9F6 /* PBXTargetDependency */,
			);
			fileSystemSynchronizedGroups = (
				0C849FAA2D1BF3A0009CF9F6 /* BarScannerGITUITests */,
			);
			name = BarScannerGITUITests;
			productName = BarScannerGITUITests;
			productReference = 0C849FA72D1BF3A0009CF9F6 /* BarScannerGITUITests.xctest */;
			productType = "com.apple.product-type.bundle.ui-testing";
		};
/* End PBXNativeTarget section */

/* Begin PBXProject section */
		0C849F852D1BF39F009CF9F6 /* Project object */ = {
			isa = PBXProject;
			attributes = {
				BuildIndependentTargetsInParallel = 1;
				LastSwiftUpdateCheck = 1620;
				LastUpgradeCheck = 1620;
				TargetAttributes = {
					0C849F8C2D1BF39F009CF9F6 = {
						CreatedOnToolsVersion = 16.2;
					};
					0C849F9C2D1BF3A0009CF9F6 = {
						CreatedOnToolsVersion = 16.2;
						TestTargetID = 0C849F8C2D1BF39F009CF9F6;
					};
					0C849FA62D1BF3A0009CF9F6 = {
						CreatedOnToolsVersion = 16.2;
						TestTargetID = 0C849F8C2D1BF39F009CF9F6;
					};
				};
			};
			buildConfigurationList = 0C849F882D1BF39F009CF9F6 /* Build configuration list for PBXProject "BarScannerGIT" */;
			developmentRegion = en;
			hasScannedForEncodings = 0;
			knownRegions = (
				en,
				Base,
			);
			mainGroup = 0C849F842D1BF39F009CF9F6;
			minimizedProjectReferenceProxies = 1;
			preferredProjectObjectVersion = 77;
			productRefGroup = 0C849F8E2D1BF39F009CF9F6 /* Products */;
			projectDirPath = "";
			projectRoot = "";
			targets = (
				0C849F8C2D1BF39F009CF9F6 /* BarScannerGIT */,
				0C849F9C2D1BF3A0009CF9F6 /* BarScannerGITTests */,
				0C849FA62D1BF3A0009CF9F6 /* BarScannerGITUITests */,
			);
		};
/* End PBXProject section */

/* Begin PBXResourcesBuildPhase section */
		0C849F8B2D1BF39F009CF9F6 /* Resources */ = {
			isa = PBXResourcesBuildPhase;
			buildActionMask = 2147483647;
			files = (
			);
			runOnlyForDeploymentPostprocessing = 0;
		};
		0C849F9B2D1BF3A0009CF9F6 /* Resources */ = {
			isa = PBXResourcesBuildPhase;
			buildActionMask = 2147483647;
			files = (
			);
			runOnlyForDeploymentPostprocessing = 0;
		};
		0C849FA52D1BF3A0009CF9F6 /* Resources */ = {
			isa = PBXResourcesBuildPhase;
			buildActionMask = 2147483647;
			files = (
			);
			runOnlyForDeploymentPostprocessing = 0;
		};
/* End PBXResourcesBuildPhase section */

/* Begin PBXShellScriptBuildPhase section */
		4C1555581F2E76C7C7D3F23F /* [CP] Check Pods Manifest.lock */ = {
			isa = PBXShellScriptBuildPhase;
			buildActionMask = 2147483647;
			files = (
			);
			inputFileListPaths = (
			);
			inputPaths = (
				"${PODS_PODFILE_DIR_PATH}/Podfile.lock",
				"${PODS_ROOT}/Manifest.lock",
			);
			name = "[CP] Check Pods Manifest.lock";
			outputFileListPaths = (
			);
			outputPaths = (
				"$(DERIVED_FILE_DIR)/Pods-BarScannerGIT-checkManifestLockResult.txt",
			);
			runOnlyForDeploymentPostprocessing = 0;
			shellPath = /bin/sh;
			shellScript = "diff \"${PODS_PODFILE_DIR_PATH}/Podfile.lock\" \"${PODS_ROOT}/Manifest.lock\" > /dev/null\nif [ $? != 0 ] ; then\n    # print error to STDERR\n    echo \"error: The sandbox is not in sync with the Podfile.lock. Run 'pod install' or update your CocoaPods installation.\" >&2\n    exit 1\nfi\n# This output is used by Xcode 'outputs' to avoid re-running this script phase.\necho \"SUCCESS\" > \"${SCRIPT_OUTPUT_FILE_0}\"\n";
			showEnvVarsInLog = 0;
		};
		77EDC1DC2233C408CCCD1DE4 /* [CP] Check Pods Manifest.lock */ = {
			isa = PBXShellScriptBuildPhase;
			buildActionMask = 2147483647;
			files = (
			);
			inputFileListPaths = (
			);
			inputPaths = (
				"${PODS_PODFILE_DIR_PATH}/Podfile.lock",
				"${PODS_ROOT}/Manifest.lock",
			);
			name = "[CP] Check Pods Manifest.lock";
			outputFileListPaths = (
			);
			outputPaths = (
				"$(DERIVED_FILE_DIR)/Pods-BarScannerGIT-BarScannerGITUITests-checkManifestLockResult.txt",
			);
			runOnlyForDeploymentPostprocessing = 0;
			shellPath = /bin/sh;
			shellScript = "diff \"${PODS_PODFILE_DIR_PATH}/Podfile.lock\" \"${PODS_ROOT}/Manifest.lock\" > /dev/null\nif [ $? != 0 ] ; then\n    # print error to STDERR\n    echo \"error: The sandbox is not in sync with the Podfile.lock. Run 'pod install' or update your CocoaPods installation.\" >&2\n    exit 1\nfi\n# This output is used by Xcode 'outputs' to avoid re-running this script phase.\necho \"SUCCESS\" > \"${SCRIPT_OUTPUT_FILE_0}\"\n";
			showEnvVarsInLog = 0;
		};
		D100F7A517CDA765AD3F98EF /* [CP] Check Pods Manifest.lock */ = {
			isa = PBXShellScriptBuildPhase;
			buildActionMask = 2147483647;
			files = (
			);
			inputFileListPaths = (
			);
			inputPaths = (
				"${PODS_PODFILE_DIR_PATH}/Podfile.lock",
				"${PODS_ROOT}/Manifest.lock",
			);
			name = "[CP] Check Pods Manifest.lock";
			outputFileListPaths = (
			);
			outputPaths = (
				"$(DERIVED_FILE_DIR)/Pods-BarScannerGITTests-checkManifestLockResult.txt",
			);
			runOnlyForDeploymentPostprocessing = 0;
			shellPath = /bin/sh;
			shellScript = "diff \"${PODS_PODFILE_DIR_PATH}/Podfile.lock\" \"${PODS_ROOT}/Manifest.lock\" > /dev/null\nif [ $? != 0 ] ; then\n    # print error to STDERR\n    echo \"error: The sandbox is not in sync with the Podfile.lock. Run 'pod install' or update your CocoaPods installation.\" >&2\n    exit 1\nfi\n# This output is used by Xcode 'outputs' to avoid re-running this script phase.\necho \"SUCCESS\" > \"${SCRIPT_OUTPUT_FILE_0}\"\n";
			showEnvVarsInLog = 0;
		};
/* End PBXShellScriptBuildPhase section */

/* Begin PBXSourcesBuildPhase section */
		0C849F892D1BF39F009CF9F6 /* Sources */ = {
			isa = PBXSourcesBuildPhase;
			buildActionMask = 2147483647;
			files = (
			);
			runOnlyForDeploymentPostprocessing = 0;
		};
		0C849F992D1BF3A0009CF9F6 /* Sources */ = {
			isa = PBXSourcesBuildPhase;
			buildActionMask = 2147483647;
			files = (
			);
			runOnlyForDeploymentPostprocessing = 0;
		};
		0C849FA32D1BF3A0009CF9F6 /* Sources */ = {
			isa = PBXSourcesBuildPhase;
			buildActionMask = 2147483647;
			files = (
			);
			runOnlyForDeploymentPostprocessing = 0;
		};
/* End PBXSourcesBuildPhase section */

/* Begin PBXTargetDependency section */
		0C849F9F2D1BF3A0009CF9F6 /* PBXTargetDependency */ = {
			isa = PBXTargetDependency;
			target = 0C849F8C2D1BF39F009CF9F6 /* BarScannerGIT */;
			targetProxy = 0C849F9E2D1BF3A0009CF9F6 /* PBXContainerItemProxy */;
		};
		0C849FA92D1BF3A0009CF9F6 /* PBXTargetDependency */ = {
			isa = PBXTargetDependency;
			target = 0C849F8C2D1BF39F009CF9F6 /* BarScannerGIT */;
			targetProxy = 0C849FA82D1BF3A0009CF9F6 /* PBXContainerItemProxy */;
		};
/* End PBXTargetDependency section */

/* Begin XCBuildConfiguration section */
		0C849FAF2D1BF3A0009CF9F6 /* Debug */ = {
			isa = XCBuildConfiguration;
			buildSettings = {
				ALWAYS_SEARCH_USER_PATHS = NO;
				ASSETCATALOG_COMPILER_GENERATE_SWIFT_ASSET_SYMBOL_EXTENSIONS = YES;
				CLANG_ANALYZER_NONNULL = YES;
				CLANG_ANALYZER_NUMBER_OBJECT_CONVERSION = YES_AGGRESSIVE;
				CLANG_CXX_LANGUAGE_STANDARD = "gnu++20";
				CLANG_ENABLE_MODULES = YES;
				CLANG_ENABLE_OBJC_ARC = YES;
				CLANG_ENABLE_OBJC_WEAK = YES;
				CLANG_WARN_BLOCK_CAPTURE_AUTORELEASING = YES;
				CLANG_WARN_BOOL_CONVERSION = YES;
				CLANG_WARN_COMMA = YES;
				CLANG_WARN_CONSTANT_CONVERSION = YES;
				CLANG_WARN_DEPRECATED_OBJC_IMPLEMENTATIONS = YES;
				CLANG_WARN_DIRECT_OBJC_ISA_USAGE = YES_ERROR;
				CLANG_WARN_DOCUMENTATION_COMMENTS = YES;
				CLANG_WARN_EMPTY_BODY = YES;
				CLANG_WARN_ENUM_CONVERSION = YES;
				CLANG_WARN_INFINITE_RECURSION = YES;
				CLANG_WARN_INT_CONVERSION = YES;
				CLANG_WARN_NON_LITERAL_NULL_CONVERSION = YES;
				CLANG_WARN_OBJC_IMPLICIT_RETAIN_SELF = YES;
				CLANG_WARN_OBJC_LITERAL_CONVERSION = YES;
				CLANG_WARN_OBJC_ROOT_CLASS = YES_ERROR;
				CLANG_WARN_QUOTED_INCLUDE_IN_FRAMEWORK_HEADER = YES;
				CLANG_WARN_RANGE_LOOP_ANALYSIS = YES;
				CLANG_WARN_STRICT_PROTOTYPES = YES;
				CLANG_WARN_SUSPICIOUS_MOVE = YES;
				CLANG_WARN_UNGUARDED_AVAILABILITY = YES_AGGRESSIVE;
				CLANG_WARN_UNREACHABLE_CODE = YES;
				CLANG_WARN__DUPLICATE_METHOD_MATCH = YES;
				COPY_PHASE_STRIP = NO;
				DEBUG_INFORMATION_FORMAT = dwarf;
				ENABLE_STRICT_OBJC_MSGSEND = YES;
				ENABLE_TESTABILITY = YES;
				ENABLE_USER_SCRIPT_SANDBOXING = YES;
				GCC_C_LANGUAGE_STANDARD = gnu17;
				GCC_DYNAMIC_NO_PIC = NO;
				GCC_NO_COMMON_BLOCKS = YES;
				GCC_OPTIMIZATION_LEVEL = 0;
				GCC_PREPROCESSOR_DEFINITIONS = (
					"DEBUG=1",
					"$(inherited)",
				);
				GCC_WARN_64_TO_32_BIT_CONVERSION = YES;
				GCC_WARN_ABOUT_RETURN_TYPE = YES_ERROR;
				GCC_WARN_UNDECLARED_SELECTOR = YES;
				GCC_WARN_UNINITIALIZED_AUTOS = YES_AGGRESSIVE;
				GCC_WARN_UNUSED_FUNCTION = YES;
				GCC_WARN_UNUSED_VARIABLE = YES;
				IPHONEOS_DEPLOYMENT_TARGET = 18.2;
				LOCALIZATION_PREFERS_STRING_CATALOGS = YES;
				MTL_ENABLE_DEBUG_INFO = INCLUDE_SOURCE;
				MTL_FAST_MATH = YES;
				ONLY_ACTIVE_ARCH = YES;
				SDKROOT = iphoneos;
				SWIFT_ACTIVE_COMPILATION_CONDITIONS = "DEBUG $(inherited)";
				SWIFT_OPTIMIZATION_LEVEL = "-Onone";
			};
			name = Debug;
		};
		0C849FB02D1BF3A0009CF9F6 /* Release */ = {
			isa = XCBuildConfiguration;
			buildSettings = {
				ALWAYS_SEARCH_USER_PATHS = NO;
				ASSETCATALOG_COMPILER_GENERATE_SWIFT_ASSET_SYMBOL_EXTENSIONS = YES;
				CLANG_ANALYZER_NONNULL = YES;
				CLANG_ANALYZER_NUMBER_OBJECT_CONVERSION = YES_AGGRESSIVE;
				CLANG_CXX_LANGUAGE_STANDARD = "gnu++20";
				CLANG_ENABLE_MODULES = YES;
				CLANG_ENABLE_OBJC_ARC = YES;
				CLANG_ENABLE_OBJC_WEAK = YES;
				CLANG_WARN_BLOCK_CAPTURE_AUTORELEASING = YES;
				CLANG_WARN_BOOL_CONVERSION = YES;
				CLANG_WARN_COMMA = YES;
				CLANG_WARN_CONSTANT_CONVERSION = YES;
				CLANG_WARN_DEPRECATED_OBJC_IMPLEMENTATIONS = YES;
				CLANG_WARN_DIRECT_OBJC_ISA_USAGE = YES_ERROR;
				CLANG_WARN_DOCUMENTATION_COMMENTS = YES;
				CLANG_WARN_EMPTY_BODY = YES;
				CLANG_WARN_ENUM_CONVERSION = YES;
				CLANG_WARN_INFINITE_RECURSION = YES;
				CLANG_WARN_INT_CONVERSION = YES;
				CLANG_WARN_NON_LITERAL_NULL_CONVERSION = YES;
				CLANG_WARN_OBJC_IMPLICIT_RETAIN_SELF = YES;
				CLANG_WARN_OBJC_LITERAL_CONVERSION = YES;
				CLANG_WARN_OBJC_ROOT_CLASS = YES_ERROR;
				CLANG_WARN_QUOTED_INCLUDE_IN_FRAMEWORK_HEADER = YES;
				CLANG_WARN_RANGE_LOOP_ANALYSIS = YES;
				CLANG_WARN_STRICT_PROTOTYPES = YES;
				CLANG_WARN_SUSPICIOUS_MOVE = YES;
				CLANG_WARN_UNGUARDED_AVAILABILITY = YES_AGGRESSIVE;
				CLANG_WARN_UNREACHABLE_CODE = YES;
				CLANG_WARN__DUPLICATE_METHOD_MATCH = YES;
				COPY_PHASE_STRIP = NO;
				DEBUG_INFORMATION_FORMAT = "dwarf-with-dsym";
				ENABLE_NS_ASSERTIONS = NO;
				ENABLE_STRICT_OBJC_MSGSEND = YES;
				ENABLE_USER_SCRIPT_SANDBOXING = YES;
				GCC_C_LANGUAGE_STANDARD = gnu17;
				GCC_NO_COMMON_BLOCKS = YES;
				GCC_WARN_64_TO_32_BIT_CONVERSION = YES;
				GCC_WARN_ABOUT_RETURN_TYPE = YES_ERROR;
				GCC_WARN_UNDECLARED_SELECTOR = YES;
				GCC_WARN_UNINITIALIZED_AUTOS = YES_AGGRESSIVE;
				GCC_WARN_UNUSED_FUNCTION = YES;
				GCC_WARN_UNUSED_VARIABLE = YES;
				IPHONEOS_DEPLOYMENT_TARGET = 18.2;
				LOCALIZATION_PREFERS_STRING_CATALOGS = YES;
				MTL_ENABLE_DEBUG_INFO = NO;
				MTL_FAST_MATH = YES;
				SDKROOT = iphoneos;
				SWIFT_COMPILATION_MODE = wholemodule;
				VALIDATE_PRODUCT = YES;
			};
			name = Release;
		};
		0C849FB22D1BF3A0009CF9F6 /* Debug */ = {
			isa = XCBuildConfiguration;
			baseConfigurationReference = 550183E8C4BBE72E793C3046 /* Pods-BarScannerGIT.debug.xcconfig */;
			buildSettings = {
				ASSETCATALOG_COMPILER_APPICON_NAME = AppIcon;
				ASSETCATALOG_COMPILER_GLOBAL_ACCENT_COLOR_NAME = AccentColor;
				CODE_SIGN_STYLE = Automatic;
				CURRENT_PROJECT_VERSION = 1;
				DEVELOPMENT_ASSET_PATHS = "\"BarScannerGIT/Preview Content\"";
				DEVELOPMENT_TEAM = F3KSR2SF6L;
				ENABLE_PREVIEWS = YES;
				GENERATE_INFOPLIST_FILE = YES;
				INFOPLIST_KEY_NSCameraUsageDescription = "To use the scanner you must allow camera access";
				INFOPLIST_KEY_UIApplicationSceneManifest_Generation = YES;
				INFOPLIST_KEY_UIApplicationSupportsIndirectInputEvents = YES;
				INFOPLIST_KEY_UILaunchScreen_Generation = YES;
				INFOPLIST_KEY_UISupportedInterfaceOrientations_iPad = "UIInterfaceOrientationPortrait UIInterfaceOrientationPortraitUpsideDown UIInterfaceOrientationLandscapeLeft UIInterfaceOrientationLandscapeRight";
				INFOPLIST_KEY_UISupportedInterfaceOrientations_iPhone = "UIInterfaceOrientationPortrait UIInterfaceOrientationLandscapeLeft UIInterfaceOrientationLandscapeRight";
				IPHONEOS_DEPLOYMENT_TARGET = 18.0;
				LD_RUNPATH_SEARCH_PATHS = (
					"$(inherited)",
					"@executable_path/Frameworks",
				);
				MARKETING_VERSION = 1.0;
				PRODUCT_BUNDLE_IDENTIFIER = max.BarScannerGIT;
				PRODUCT_NAME = Thumbsy;
				SWIFT_EMIT_LOC_STRINGS = YES;
				SWIFT_VERSION = 5.0;
				TARGETED_DEVICE_FAMILY = "1,2";
			};
			name = Debug;
		};
		0C849FB32D1BF3A0009CF9F6 /* Release */ = {
			isa = XCBuildConfiguration;
			baseConfigurationReference = 5AA71EF57049E924DC1AE0A6 /* Pods-BarScannerGIT.release.xcconfig */;
			buildSettings = {
				ASSETCATALOG_COMPILER_APPICON_NAME = AppIcon;
				ASSETCATALOG_COMPILER_GLOBAL_ACCENT_COLOR_NAME = AccentColor;
				CODE_SIGN_STYLE = Automatic;
				CURRENT_PROJECT_VERSION = 1;
				DEVELOPMENT_ASSET_PATHS = "\"BarScannerGIT/Preview Content\"";
				DEVELOPMENT_TEAM = F3KSR2SF6L;
				ENABLE_PREVIEWS = YES;
				GENERATE_INFOPLIST_FILE = YES;
				INFOPLIST_KEY_NSCameraUsageDescription = "To use the scanner you must allow camera access";
				INFOPLIST_KEY_UIApplicationSceneManifest_Generation = YES;
				INFOPLIST_KEY_UIApplicationSupportsIndirectInputEvents = YES;
				INFOPLIST_KEY_UILaunchScreen_Generation = YES;
				INFOPLIST_KEY_UISupportedInterfaceOrientations_iPad = "UIInterfaceOrientationPortrait UIInterfaceOrientationPortraitUpsideDown UIInterfaceOrientationLandscapeLeft UIInterfaceOrientationLandscapeRight";
				INFOPLIST_KEY_UISupportedInterfaceOrientations_iPhone = "UIInterfaceOrientationPortrait UIInterfaceOrientationLandscapeLeft UIInterfaceOrientationLandscapeRight";
				IPHONEOS_DEPLOYMENT_TARGET = 18.0;
				LD_RUNPATH_SEARCH_PATHS = (
					"$(inherited)",
					"@executable_path/Frameworks",
				);
				MARKETING_VERSION = 1.0;
				PRODUCT_BUNDLE_IDENTIFIER = max.BarScannerGIT;
				PRODUCT_NAME = Thumbsy;
				SWIFT_EMIT_LOC_STRINGS = YES;
				SWIFT_VERSION = 5.0;
				TARGETED_DEVICE_FAMILY = "1,2";
			};
			name = Release;
		};
		0C849FB52D1BF3A0009CF9F6 /* Debug */ = {
			isa = XCBuildConfiguration;
			baseConfigurationReference = 8BC1EAF7F249BE467CD63C81 /* Pods-BarScannerGITTests.debug.xcconfig */;
			buildSettings = {
				BUNDLE_LOADER = "$(TEST_HOST)";
				CODE_SIGN_STYLE = Automatic;
				CURRENT_PROJECT_VERSION = 1;
				DEVELOPMENT_TEAM = F3KSR2SF6L;
				GENERATE_INFOPLIST_FILE = YES;
				IPHONEOS_DEPLOYMENT_TARGET = 18.2;
				MARKETING_VERSION = 1.0;
				PRODUCT_BUNDLE_IDENTIFIER = max.BarScannerGITTests;
				PRODUCT_NAME = "$(TARGET_NAME)";
				SWIFT_EMIT_LOC_STRINGS = NO;
				SWIFT_VERSION = 5.0;
				TARGETED_DEVICE_FAMILY = "1,2";
				TEST_HOST = "$(BUILT_PRODUCTS_DIR)/BarScannerGIT.app/$(BUNDLE_EXECUTABLE_FOLDER_PATH)/BarScannerGIT";
			};
			name = Debug;
		};
		0C849FB62D1BF3A0009CF9F6 /* Release */ = {
			isa = XCBuildConfiguration;
			baseConfigurationReference = 037BB0BDBD272DC8BC6F5BFD /* Pods-BarScannerGITTests.release.xcconfig */;
			buildSettings = {
				BUNDLE_LOADER = "$(TEST_HOST)";
				CODE_SIGN_STYLE = Automatic;
				CURRENT_PROJECT_VERSION = 1;
				DEVELOPMENT_TEAM = F3KSR2SF6L;
				GENERATE_INFOPLIST_FILE = YES;
				IPHONEOS_DEPLOYMENT_TARGET = 18.2;
				MARKETING_VERSION = 1.0;
				PRODUCT_BUNDLE_IDENTIFIER = max.BarScannerGITTests;
				PRODUCT_NAME = "$(TARGET_NAME)";
				SWIFT_EMIT_LOC_STRINGS = NO;
				SWIFT_VERSION = 5.0;
				TARGETED_DEVICE_FAMILY = "1,2";
				TEST_HOST = "$(BUILT_PRODUCTS_DIR)/BarScannerGIT.app/$(BUNDLE_EXECUTABLE_FOLDER_PATH)/BarScannerGIT";
			};
			name = Release;
		};
		0C849FB82D1BF3A0009CF9F6 /* Debug */ = {
			isa = XCBuildConfiguration;
			baseConfigurationReference = 5B552557AC668990BDB9D141 /* Pods-BarScannerGIT-BarScannerGITUITests.debug.xcconfig */;
			buildSettings = {
				CODE_SIGN_STYLE = Automatic;
				CURRENT_PROJECT_VERSION = 1;
				DEVELOPMENT_TEAM = F3KSR2SF6L;
				GENERATE_INFOPLIST_FILE = YES;
				MARKETING_VERSION = 1.0;
				PRODUCT_BUNDLE_IDENTIFIER = max.BarScannerGITUITests;
				PRODUCT_NAME = "$(TARGET_NAME)";
				SWIFT_EMIT_LOC_STRINGS = NO;
				SWIFT_VERSION = 5.0;
				TARGETED_DEVICE_FAMILY = "1,2";
				TEST_TARGET_NAME = BarScannerGIT;
			};
			name = Debug;
		};
		0C849FB92D1BF3A0009CF9F6 /* Release */ = {
			isa = XCBuildConfiguration;
			baseConfigurationReference = 4893C660BA1CE636DF28D591 /* Pods-BarScannerGIT-BarScannerGITUITests.release.xcconfig */;
			buildSettings = {
				CODE_SIGN_STYLE = Automatic;
				CURRENT_PROJECT_VERSION = 1;
				DEVELOPMENT_TEAM = F3KSR2SF6L;
				GENERATE_INFOPLIST_FILE = YES;
				MARKETING_VERSION = 1.0;
				PRODUCT_BUNDLE_IDENTIFIER = max.BarScannerGITUITests;
				PRODUCT_NAME = "$(TARGET_NAME)";
				SWIFT_EMIT_LOC_STRINGS = NO;
				SWIFT_VERSION = 5.0;
				TARGETED_DEVICE_FAMILY = "1,2";
				TEST_TARGET_NAME = BarScannerGIT;
			};
			name = Release;
		};
/* End XCBuildConfiguration section */

/* Begin XCConfigurationList section */
		0C849F882D1BF39F009CF9F6 /* Build configuration list for PBXProject "BarScannerGIT" */ = {
			isa = XCConfigurationList;
			buildConfigurations = (
				0C849FAF2D1BF3A0009CF9F6 /* Debug */,
				0C849FB02D1BF3A0009CF9F6 /* Release */,
			);
			defaultConfigurationIsVisible = 0;
			defaultConfigurationName = Release;
		};
		0C849FB12D1BF3A0009CF9F6 /* Build configuration list for PBXNativeTarget "BarScannerGIT" */ = {
			isa = XCConfigurationList;
			buildConfigurations = (
				0C849FB22D1BF3A0009CF9F6 /* Debug */,
				0C849FB32D1BF3A0009CF9F6 /* Release */,
			);
			defaultConfigurationIsVisible = 0;
			defaultConfigurationName = Release;
		};
		0C849FB42D1BF3A0009CF9F6 /* Build configuration list for PBXNativeTarget "BarScannerGITTests" */ = {
			isa = XCConfigurationList;
			buildConfigurations = (
				0C849FB52D1BF3A0009CF9F6 /* Debug */,
				0C849FB62D1BF3A0009CF9F6 /* Release */,
			);
			defaultConfigurationIsVisible = 0;
			defaultConfigurationName = Release;
		};
		0C849FB72D1BF3A0009CF9F6 /* Build configuration list for PBXNativeTarget "BarScannerGITUITests" */ = {
			isa = XCConfigurationList;
			buildConfigurations = (
				0C849FB82D1BF3A0009CF9F6 /* Debug */,
				0C849FB92D1BF3A0009CF9F6 /* Release */,
			);
			defaultConfigurationIsVisible = 0;
			defaultConfigurationName = Release;
		};
/* End XCConfigurationList section */
	};
	rootObject = 0C849F852D1BF39F009CF9F6 /* Project object */;
}
